
Microsoft Visual Studio Solution File, Format Version 12.00
# Visual Studio Version 16
VisualStudioVersion = 25.0.1705.3
MinimumVisualStudioVersion = 10.0.40219.1
Project("{FAE04EC0-301F-11D3-BF4B-00C04F79EFBC}") = "aspnet_container_example", "aspnet_container_example\aspnet_container_example.csproj", "{56811A23-895E-4748-87B0-B656F1268683}"
EndProject
Project("{E53339B2-1760-4266-BCC7-CA923CBCF16C}") = "docker-compose", "docker-compose.dcproj", "{012E328B-ECF1-4B73-B560-BA53EFB97354}"
EndProject
Global
	GlobalSection(SolutionConfigurationPlatforms) = preSolution
		Debug|Any CPU = Debug|Any CPU
		Release|Any CPU = Release|Any CPU
	EndGlobalSection
	GlobalSection(ProjectConfigurationPlatforms) = postSolution
		{56811A23-895E-4748-87B0-B656F1268683}.Debug|Any CPU.ActiveCfg = Debug|Any CPU
		{56811A23-895E-4748-87B0-B656F1268683}.Debug|Any CPU.Build.0 = Debug|Any CPU
		{56811A23-895E-4748-87B0-B656F1268683}.Release|Any CPU.ActiveCfg = Release|Any CPU
		{56811A23-895E-4748-87B0-B656F1268683}.Release|Any CPU.Build.0 = Release|Any CPU
		{012E328B-ECF1-4B73-B560-BA53EFB97354}.Debug|Any CPU.ActiveCfg = Debug|Any CPU
		{012E328B-ECF1-4B73-B560-BA53EFB97354}.Debug|Any CPU.Build.0 = Debug|Any CPU
		{012E328B-ECF1-4B73-B560-BA53EFB97354}.Release|Any CPU.ActiveCfg = Release|Any CPU
		{012E328B-ECF1-4B73-B560-BA53EFB97354}.Release|Any CPU.Build.0 = Release|Any CPU
	EndGlobalSection
	GlobalSection(SolutionProperties) = preSolution
		HideSolutionNode = FALSE
	EndGlobalSection
	GlobalSection(ExtensibilityGlobals) = postSolution
		SolutionGuid = {8E0078D2-AB5E-4C76-873B-6A1450371319}
	EndGlobalSection
EndGlobal
